{
  "name": "lib-sketch-tool",
  "version": "0.0.0",
  "lockfileVersion": 1,
  "requires": true,
  "dependencies": {
    "@types/fabric": {
      "version": "1.5.36",
      "resolved": "https://registry.npmjs.org/@types/fabric/-/fabric-1.5.36.tgz",
      "integrity": "sha512-3zHnHPMt5PaVQkZX/yMXRtD90vFayW+PirTfBRya50e6LJh4frcoZv+SFTZakgY8ubefx4Gct9dCNXUJoyykbA=="
    }
  }
}
